
Microsoft Visual Studio Solution File, Format Version 12.00
# Visual Studio Version 17
VisualStudioVersion = 17.0.31512.422
MinimumVisualStudioVersion = 10.0.40219.1
Project("{2150E333-8FDC-42A3-9474-1A3956D46DE8}") = "Services", "Services", "{996C4F77-86A7-4E4C-9641-4D19C037677F}"
EndProject
Project("{2150E333-8FDC-42A3-9474-1A3956D46DE8}") = "Catalog", "Catalog", "{9C8B1E53-348D-4907-B962-B37057CD7C3A}"
EndProject
Project("{9A19103F-16F7-4668-BE54-9A1E7A4F7556}") = "FreeCourse.Services.Catalog", "Services\Catalog\FreeCourse.Services.Catalog\FreeCourse.Services.Catalog.csproj", "{1B2B59B2-F777-4479-9893-28BE9F1AE83D}"
EndProject
Project("{2150E333-8FDC-42A3-9474-1A3956D46DE8}") = "Shared", "Shared", "{3E0548F2-A2AA-4DFE-BE99-DDE4049E3019}"
EndProject
Project("{9A19103F-16F7-4668-BE54-9A1E7A4F7556}") = "FreeCourse.Shared", "Shared\FreeCourse.Shared\FreeCourse.Shared.csproj", "{57DF6D83-10BB-46CF-BF84-8B1B5DF557A0}"
EndProject
Project("{2150E333-8FDC-42A3-9474-1A3956D46DE8}") = "IdentityServer", "IdentityServer", "{EEB21995-2141-4072-8118-F6958D0D3264}"
EndProject
Project("{9A19103F-16F7-4668-BE54-9A1E7A4F7556}") = "IdentityServer", "IdentityServer\IdentityServer.csproj", "{5EFF56DB-3DC9-4DD2-918C-8B43C38527A8}"
EndProject
Project("{2150E333-8FDC-42A3-9474-1A3956D46DE8}") = "PhotoStock", "PhotoStock", "{C47BFB67-9353-4FFD-B161-9C33FC243FCE}"
EndProject
Project("{9A19103F-16F7-4668-BE54-9A1E7A4F7556}") = "FreeCourse.Services.PhotoStock", "Services\PhotoStock\FreeCourse.Services.PhotoStock\FreeCourse.Services.PhotoStock.csproj", "{90CE84A6-8332-47E6-B8FF-50A8E61401CE}"
EndProject
Project("{2150E333-8FDC-42A3-9474-1A3956D46DE8}") = "Basket", "Basket", "{3100DBD9-B47C-471C-98FA-54076899FA93}"
EndProject
Project("{9A19103F-16F7-4668-BE54-9A1E7A4F7556}") = "FreeCourse.Services.Basket", "Services\Basket\FreeCourse.Services.Basket\FreeCourse.Services.Basket.csproj", "{0337F3A1-3F52-4E96-985E-1464474ABBD0}"
EndProject
Project("{2150E333-8FDC-42A3-9474-1A3956D46DE8}") = "Discount", "Discount", "{33C134E6-BFFD-4678-A2CB-53E8D46FE8FA}"
EndProject
Project("{9A19103F-16F7-4668-BE54-9A1E7A4F7556}") = "FreeCourse.Services.Discount", "Services\Discount\FreeCourse.Services.Discount\FreeCourse.Services.Discount.csproj", "{43229342-6A1F-4BEE-83B4-FB136A88C6F6}"
EndProject
Project("{2150E333-8FDC-42A3-9474-1A3956D46DE8}") = "Order", "Order", "{159C4BFD-A4B5-442F-BD07-9ECB8858486B}"
EndProject
Project("{9A19103F-16F7-4668-BE54-9A1E7A4F7556}") = "FreeCourse.Services.Order.API", "Services\Order\FreeCourse.Services.Order.API\FreeCourse.Services.Order.API.csproj", "{32840814-6729-46DF-8012-0774BAC21B03}"
EndProject
Project("{9A19103F-16F7-4668-BE54-9A1E7A4F7556}") = "FreeCourse.Services.Order.Application", "Services\Order\FreeCourse.Services.Order.Application\FreeCourse.Services.Order.Application.csproj", "{F86C6ACB-C462-4F64-926B-094DF1CC479E}"
EndProject
Project("{9A19103F-16F7-4668-BE54-9A1E7A4F7556}") = "FreeCourse.Services.Order.Domain", "Services\Order\FreeCourse.Services.Order.Domain\FreeCourse.Services.Order.Domain.csproj", "{F94B0E41-50CC-41F3-8F06-C0F865B109EE}"
EndProject
Project("{9A19103F-16F7-4668-BE54-9A1E7A4F7556}") = "FreeCourse.Services.Order.Domain.Core", "Services\Order\FreeCourse.Services.Order.Domain.Core\FreeCourse.Services.Order.Domain.Core.csproj", "{0110F98C-AA50-4DFB-A580-3B59122FAD77}"
EndProject
Project("{9A19103F-16F7-4668-BE54-9A1E7A4F7556}") = "FreeCourse.Services.Order.Infrastructure", "Services\Order\FreeCourse.Services.Order.Infrastructure\FreeCourse.Services.Order.Infrastructure.csproj", "{64017922-5BC3-4A82-8F23-49DA4B16A467}"
EndProject
Project("{2150E333-8FDC-42A3-9474-1A3956D46DE8}") = "FakePayment", "FakePayment", "{E2B35F68-2D05-4413-B67E-2B2B966A3AE6}"
EndProject
Project("{9A19103F-16F7-4668-BE54-9A1E7A4F7556}") = "FreeCourse.Services.FakePayment", "Services\FakePayment\FreeCourse.Services.FakePayment\FreeCourse.Services.FakePayment.csproj", "{BA553133-34C3-4630-81F5-07333ECEEDF1}"
EndProject
Project("{2150E333-8FDC-42A3-9474-1A3956D46DE8}") = "Gateways", "Gateways", "{C6669702-B058-4C96-B538-4BD1CA5EDA38}"
EndProject
Project("{9A19103F-16F7-4668-BE54-9A1E7A4F7556}") = "FreeCourse.Gateway", "Gateways\FreeCourse.Gateway\FreeCourse.Gateway.csproj", "{B6B809E1-810B-4923-B8C2-5FE4343DE620}"
EndProject
Project("{2150E333-8FDC-42A3-9474-1A3956D46DE8}") = "Frontends", "Frontends", "{A3BF92D8-B881-49D0-9AB8-B49A4C50E70D}"
EndProject
Project("{9A19103F-16F7-4668-BE54-9A1E7A4F7556}") = "FreeCourse.Web", "Frontends\FreeCourse.Web\FreeCourse.Web.csproj", "{E19FA0A6-964F-4DE9-883B-88A5FC440F30}"
EndProject
Project("{2150E333-8FDC-42A3-9474-1A3956D46DE8}") = "Solution Items", "Solution Items", "{5E6A6205-EFAB-4742-96C7-5BBCE52D9ACD}"
	ProjectSection(SolutionItems) = preProject
		Znots.txt = Znots.txt
	EndProjectSection
EndProject
Global
	GlobalSection(SolutionConfigurationPlatforms) = preSolution
		Debug|Any CPU = Debug|Any CPU
		Release|Any CPU = Release|Any CPU
	EndGlobalSection
	GlobalSection(ProjectConfigurationPlatforms) = postSolution
		{1B2B59B2-F777-4479-9893-28BE9F1AE83D}.Debug|Any CPU.ActiveCfg = Debug|Any CPU
		{1B2B59B2-F777-4479-9893-28BE9F1AE83D}.Debug|Any CPU.Build.0 = Debug|Any CPU
		{1B2B59B2-F777-4479-9893-28BE9F1AE83D}.Release|Any CPU.ActiveCfg = Release|Any CPU
		{1B2B59B2-F777-4479-9893-28BE9F1AE83D}.Release|Any CPU.Build.0 = Release|Any CPU
		{57DF6D83-10BB-46CF-BF84-8B1B5DF557A0}.Debug|Any CPU.ActiveCfg = Debug|Any CPU
		{57DF6D83-10BB-46CF-BF84-8B1B5DF557A0}.Debug|Any CPU.Build.0 = Debug|Any CPU
		{57DF6D83-10BB-46CF-BF84-8B1B5DF557A0}.Release|Any CPU.ActiveCfg = Release|Any CPU
		{57DF6D83-10BB-46CF-BF84-8B1B5DF557A0}.Release|Any CPU.Build.0 = Release|Any CPU
		{5EFF56DB-3DC9-4DD2-918C-8B43C38527A8}.Debug|Any CPU.ActiveCfg = Debug|Any CPU
		{5EFF56DB-3DC9-4DD2-918C-8B43C38527A8}.Debug|Any CPU.Build.0 = Debug|Any CPU
		{5EFF56DB-3DC9-4DD2-918C-8B43C38527A8}.Release|Any CPU.ActiveCfg = Release|Any CPU
		{5EFF56DB-3DC9-4DD2-918C-8B43C38527A8}.Release|Any CPU.Build.0 = Release|Any CPU
		{90CE84A6-8332-47E6-B8FF-50A8E61401CE}.Debug|Any CPU.ActiveCfg = Debug|Any CPU
		{90CE84A6-8332-47E6-B8FF-50A8E61401CE}.Debug|Any CPU.Build.0 = Debug|Any CPU
		{90CE84A6-8332-47E6-B8FF-50A8E61401CE}.Release|Any CPU.ActiveCfg = Release|Any CPU
		{90CE84A6-8332-47E6-B8FF-50A8E61401CE}.Release|Any CPU.Build.0 = Release|Any CPU
		{0337F3A1-3F52-4E96-985E-1464474ABBD0}.Debug|Any CPU.ActiveCfg = Debug|Any CPU
		{0337F3A1-3F52-4E96-985E-1464474ABBD0}.Debug|Any CPU.Build.0 = Debug|Any CPU
		{0337F3A1-3F52-4E96-985E-1464474ABBD0}.Release|Any CPU.ActiveCfg = Release|Any CPU
		{0337F3A1-3F52-4E96-985E-1464474ABBD0}.Release|Any CPU.Build.0 = Release|Any CPU
		{43229342-6A1F-4BEE-83B4-FB136A88C6F6}.Debug|Any CPU.ActiveCfg = Debug|Any CPU
		{43229342-6A1F-4BEE-83B4-FB136A88C6F6}.Debug|Any CPU.Build.0 = Debug|Any CPU
		{43229342-6A1F-4BEE-83B4-FB136A88C6F6}.Release|Any CPU.ActiveCfg = Release|Any CPU
		{43229342-6A1F-4BEE-83B4-FB136A88C6F6}.Release|Any CPU.Build.0 = Release|Any CPU
		{32840814-6729-46DF-8012-0774BAC21B03}.Debug|Any CPU.ActiveCfg = Debug|Any CPU
		{32840814-6729-46DF-8012-0774BAC21B03}.Debug|Any CPU.Build.0 = Debug|Any CPU
		{32840814-6729-46DF-8012-0774BAC21B03}.Release|Any CPU.ActiveCfg = Release|Any CPU
		{32840814-6729-46DF-8012-0774BAC21B03}.Release|Any CPU.Build.0 = Release|Any CPU
		{F86C6ACB-C462-4F64-926B-094DF1CC479E}.Debug|Any CPU.ActiveCfg = Debug|Any CPU
		{F86C6ACB-C462-4F64-926B-094DF1CC479E}.Debug|Any CPU.Build.0 = Debug|Any CPU
		{F86C6ACB-C462-4F64-926B-094DF1CC479E}.Release|Any CPU.ActiveCfg = Release|Any CPU
		{F86C6ACB-C462-4F64-926B-094DF1CC479E}.Release|Any CPU.Build.0 = Release|Any CPU
		{F94B0E41-50CC-41F3-8F06-C0F865B109EE}.Debug|Any CPU.ActiveCfg = Debug|Any CPU
		{F94B0E41-50CC-41F3-8F06-C0F865B109EE}.Debug|Any CPU.Build.0 = Debug|Any CPU
		{F94B0E41-50CC-41F3-8F06-C0F865B109EE}.Release|Any CPU.ActiveCfg = Release|Any CPU
		{F94B0E41-50CC-41F3-8F06-C0F865B109EE}.Release|Any CPU.Build.0 = Release|Any CPU
		{0110F98C-AA50-4DFB-A580-3B59122FAD77}.Debug|Any CPU.ActiveCfg = Debug|Any CPU
		{0110F98C-AA50-4DFB-A580-3B59122FAD77}.Debug|Any CPU.Build.0 = Debug|Any CPU
		{0110F98C-AA50-4DFB-A580-3B59122FAD77}.Release|Any CPU.ActiveCfg = Release|Any CPU
		{0110F98C-AA50-4DFB-A580-3B59122FAD77}.Release|Any CPU.Build.0 = Release|Any CPU
		{64017922-5BC3-4A82-8F23-49DA4B16A467}.Debug|Any CPU.ActiveCfg = Debug|Any CPU
		{64017922-5BC3-4A82-8F23-49DA4B16A467}.Debug|Any CPU.Build.0 = Debug|Any CPU
		{64017922-5BC3-4A82-8F23-49DA4B16A467}.Release|Any CPU.ActiveCfg = Release|Any CPU
		{64017922-5BC3-4A82-8F23-49DA4B16A467}.Release|Any CPU.Build.0 = Release|Any CPU
		{BA553133-34C3-4630-81F5-07333ECEEDF1}.Debug|Any CPU.ActiveCfg = Debug|Any CPU
		{BA553133-34C3-4630-81F5-07333ECEEDF1}.Debug|Any CPU.Build.0 = Debug|Any CPU
		{BA553133-34C3-4630-81F5-07333ECEEDF1}.Release|Any CPU.ActiveCfg = Release|Any CPU
		{BA553133-34C3-4630-81F5-07333ECEEDF1}.Release|Any CPU.Build.0 = Release|Any CPU
		{B6B809E1-810B-4923-B8C2-5FE4343DE620}.Debug|Any CPU.ActiveCfg = Debug|Any CPU
		{B6B809E1-810B-4923-B8C2-5FE4343DE620}.Debug|Any CPU.Build.0 = Debug|Any CPU
		{B6B809E1-810B-4923-B8C2-5FE4343DE620}.Release|Any CPU.ActiveCfg = Release|Any CPU
		{B6B809E1-810B-4923-B8C2-5FE4343DE620}.Release|Any CPU.Build.0 = Release|Any CPU
		{E19FA0A6-964F-4DE9-883B-88A5FC440F30}.Debug|Any CPU.ActiveCfg = Debug|Any CPU
		{E19FA0A6-964F-4DE9-883B-88A5FC440F30}.Debug|Any CPU.Build.0 = Debug|Any CPU
		{E19FA0A6-964F-4DE9-883B-88A5FC440F30}.Release|Any CPU.ActiveCfg = Release|Any CPU
		{E19FA0A6-964F-4DE9-883B-88A5FC440F30}.Release|Any CPU.Build.0 = Release|Any CPU
	EndGlobalSection
	GlobalSection(SolutionProperties) = preSolution
		HideSolutionNode = FALSE
	EndGlobalSection
	GlobalSection(NestedProjects) = preSolution
		{9C8B1E53-348D-4907-B962-B37057CD7C3A} = {996C4F77-86A7-4E4C-9641-4D19C037677F}
		{1B2B59B2-F777-4479-9893-28BE9F1AE83D} = {9C8B1E53-348D-4907-B962-B37057CD7C3A}
		{57DF6D83-10BB-46CF-BF84-8B1B5DF557A0} = {3E0548F2-A2AA-4DFE-BE99-DDE4049E3019}
		{5EFF56DB-3DC9-4DD2-918C-8B43C38527A8} = {EEB21995-2141-4072-8118-F6958D0D3264}
		{C47BFB67-9353-4FFD-B161-9C33FC243FCE} = {996C4F77-86A7-4E4C-9641-4D19C037677F}
		{90CE84A6-8332-47E6-B8FF-50A8E61401CE} = {C47BFB67-9353-4FFD-B161-9C33FC243FCE}
		{3100DBD9-B47C-471C-98FA-54076899FA93} = {996C4F77-86A7-4E4C-9641-4D19C037677F}
		{0337F3A1-3F52-4E96-985E-1464474ABBD0} = {3100DBD9-B47C-471C-98FA-54076899FA93}
		{33C134E6-BFFD-4678-A2CB-53E8D46FE8FA} = {996C4F77-86A7-4E4C-9641-4D19C037677F}
		{43229342-6A1F-4BEE-83B4-FB136A88C6F6} = {33C134E6-BFFD-4678-A2CB-53E8D46FE8FA}
		{159C4BFD-A4B5-442F-BD07-9ECB8858486B} = {996C4F77-86A7-4E4C-9641-4D19C037677F}
		{32840814-6729-46DF-8012-0774BAC21B03} = {159C4BFD-A4B5-442F-BD07-9ECB8858486B}
		{F86C6ACB-C462-4F64-926B-094DF1CC479E} = {159C4BFD-A4B5-442F-BD07-9ECB8858486B}
		{F94B0E41-50CC-41F3-8F06-C0F865B109EE} = {159C4BFD-A4B5-442F-BD07-9ECB8858486B}
		{0110F98C-AA50-4DFB-A580-3B59122FAD77} = {159C4BFD-A4B5-442F-BD07-9ECB8858486B}
		{64017922-5BC3-4A82-8F23-49DA4B16A467} = {159C4BFD-A4B5-442F-BD07-9ECB8858486B}
		{E2B35F68-2D05-4413-B67E-2B2B966A3AE6} = {996C4F77-86A7-4E4C-9641-4D19C037677F}
		{BA553133-34C3-4630-81F5-07333ECEEDF1} = {E2B35F68-2D05-4413-B67E-2B2B966A3AE6}
		{B6B809E1-810B-4923-B8C2-5FE4343DE620} = {C6669702-B058-4C96-B538-4BD1CA5EDA38}
		{E19FA0A6-964F-4DE9-883B-88A5FC440F30} = {A3BF92D8-B881-49D0-9AB8-B49A4C50E70D}
	EndGlobalSection
	GlobalSection(ExtensibilityGlobals) = postSolution
		SolutionGuid = {71FA377C-4DC7-4EDA-AD59-DFA029FD60E7}
	EndGlobalSection
EndGlobal
